train:
  cmd: make train
  deps:
  - path: Dockerfile
    md5: a54e2cd065ebb44b0c00f08e84d0739d
  - path: ml/input/data/training/divorce.csv
    md5: 066fe7cbec78bbfcf70f59bb558b9571
  - path: src
    md5: 255bfd7a4fedeba45d52cab34718baac.dir
  outs:
  - path: ml/output/divorce/confusion_matrix.png
    md5: 14f691e68014d3d1ba61d757ff09c71e
  - path: ml/output/divorce/metrics.txt
    md5: b06151bf302ca454c992e705628eef55
  - path: ml/output/divorce/model.joblib
    md5: 200a5d90b4240ebb5cf7b15bae61f5a4
