schema: '2.0'
stages:
  data:
    cmd: make data
    deps:
    - path: Makefile
      md5: 4fc1c8f26a6d55380cc73f39fa476ff6
      size: 1783
    outs:
    - path: ml/input/data/training/divorce.csv
      md5: 066fe7cbec78bbfcf70f59bb558b9571
      size: 19192
  train:
    cmd: make train
    deps:
    - path: Dockerfile
      md5: 0278185d2a87d1614fa14ca0c92aecbd
      size: 657
    - path: Makefile
      md5: 4fc1c8f26a6d55380cc73f39fa476ff6
      size: 1783
    - path: ml/input/data/training/divorce.csv
      md5: 066fe7cbec78bbfcf70f59bb558b9571
      size: 19192
    - path: ml_training_template
      md5: 8f7ac0a83b83cd385fa88f76fd515646.dir
      size: 32525
      nfiles: 23
    outs:
    - path: ml/output/divorce/classes.csv
      md5: 0a6e875e32d9a85200d521e24f6a9a87
      size: 289
    - path: ml/output/divorce/metrics.txt
      md5: b06151bf302ca454c992e705628eef55
      size: 16
    - path: ml/output/divorce/model.joblib
      md5: 1e56ee359cd5f6c23bc7f7bebd570587
      size: 3402
    - path: ml/output/model.tar.gz
      md5: 7ae6330581b04a1750d473416c0924f0
      size: 2191
